// !$*UTF8*$!
{
	archiveVersion = 1;
	classes = {
	};
	objectVersion = 46;
	objects = {

/* Begin PBXBuildFile section */
		C4B787CF1CDB785F00A88E79 /* main.m in Sources */ = {isa = PBXBuildFile; fileRef = C4B787CE1CDB785F00A88E79 /* main.m */; };
		C4B787D21CDB785F00A88E79 /* AppDelegate.m in Sources */ = {isa = PBXBuildFile; fileRef = C4B787D11CDB785F00A88E79 /* AppDelegate.m */; };
		C4B787D51CDB785F00A88E79 /* ViewController.m in Sources */ = {isa = PBXBuildFile; fileRef = C4B787D41CDB785F00A88E79 /* ViewController.m */; };
		C4B787D81CDB785F00A88E79 /* Main.storyboard in Resources */ = {isa = PBXBuildFile; fileRef = C4B787D61CDB785F00A88E79 /* Main.storyboard */; };
		C4B787DA1CDB785F00A88E79 /* Assets.xcassets in Resources */ = {isa = PBXBuildFile; fileRef = C4B787D91CDB785F00A88E79 /* Assets.xcassets */; };
		C4B787DD1CDB785F00A88E79 /* LaunchScreen.storyboard in Resources */ = {isa = PBXBuildFile; fileRef = C4B787DB1CDB785F00A88E79 /* LaunchScreen.storyboard */; };
		C4B787E71CDB79B400A88E79 /* SPTArtist.m in Sources */ = {isa = PBXBuildFile; fileRef = C4B787E61CDB79B400A88E79 /* SPTArtist.m */; };
		C4B787EA1CDB79C300A88E79 /* SPTConcert.m in Sources */ = {isa = PBXBuildFile; fileRef = C4B787E91CDB79C300A88E79 /* SPTConcert.m */; };
		C4B787ED1CDB79CF00A88E79 /* SPTAlbum.m in Sources */ = {isa = PBXBuildFile; fileRef = C4B787EC1CDB79CF00A88E79 /* SPTAlbum.m */; };
		C4B787F01CDB79F400A88E79 /* SPTMusicVideo.m in Sources */ = {isa = PBXBuildFile; fileRef = C4B787EF1CDB79F400A88E79 /* SPTMusicVideo.m */; };
		C4B787F31CDB81CC00A88E79 /* SPTDataProvider.m in Sources */ = {isa = PBXBuildFile; fileRef = C4B787F21CDB81CC00A88E79 /* SPTDataProvider.m */; };
/* End PBXBuildFile section */

/* Begin PBXFileReference section */
		C49C8FA21CDBA3D4002F7B88 /* README.md */ = {isa = PBXFileReference; lastKnownFileType = net.daringfireball.markdown; path = README.md; sourceTree = "<group>"; };
		C4B787CA1CDB785F00A88E79 /* ProtocolsLab1.app */ = {isa = PBXFileReference; explicitFileType = wrapper.application; includeInIndex = 0; path = ProtocolsLab1.app; sourceTree = BUILT_PRODUCTS_DIR; };
		C4B787CE1CDB785F00A88E79 /* main.m */ = {isa = PBXFileReference; lastKnownFileType = sourcecode.c.objc; path = main.m; sourceTree = "<group>"; };
		C4B787D01CDB785F00A88E79 /* AppDelegate.h */ = {isa = PBXFileReference; lastKnownFileType = sourcecode.c.h; path = AppDelegate.h; sourceTree = "<group>"; };
		C4B787D11CDB785F00A88E79 /* AppDelegate.m */ = {isa = PBXFileReference; lastKnownFileType = sourcecode.c.objc; path = AppDelegate.m; sourceTree = "<group>"; };
		C4B787D31CDB785F00A88E79 /* ViewController.h */ = {isa = PBXFileReference; lastKnownFileType = sourcecode.c.h; path = ViewController.h; sourceTree = "<group>"; };
		C4B787D41CDB785F00A88E79 /* ViewController.m */ = {isa = PBXFileReference; lastKnownFileType = sourcecode.c.objc; path = ViewController.m; sourceTree = "<group>"; };
		C4B787D71CDB785F00A88E79 /* Base */ = {isa = PBXFileReference; lastKnownFileType = file.storyboard; name = Base; path = Base.lproj/Main.storyboard; sourceTree = "<group>"; };
		C4B787D91CDB785F00A88E79 /* Assets.xcassets */ = {isa = PBXFileReference; lastKnownFileType = folder.assetcatalog; path = Assets.xcassets; sourceTree = "<group>"; };
		C4B787DC1CDB785F00A88E79 /* Base */ = {isa = PBXFileReference; lastKnownFileType = file.storyboard; name = Base; path = Base.lproj/LaunchScreen.storyboard; sourceTree = "<group>"; };
		C4B787DE1CDB785F00A88E79 /* Info.plist */ = {isa = PBXFileReference; lastKnownFileType = text.plist.xml; path = Info.plist; sourceTree = "<group>"; };
		C4B787E51CDB79B400A88E79 /* SPTArtist.h */ = {isa = PBXFileReference; fileEncoding = 4; lastKnownFileType = sourcecode.c.h; path = SPTArtist.h; sourceTree = "<group>"; };
		C4B787E61CDB79B400A88E79 /* SPTArtist.m */ = {isa = PBXFileReference; fileEncoding = 4; lastKnownFileType = sourcecode.c.objc; path = SPTArtist.m; sourceTree = "<group>"; };
		C4B787E81CDB79C300A88E79 /* SPTConcert.h */ = {isa = PBXFileReference; fileEncoding = 4; lastKnownFileType = sourcecode.c.h; path = SPTConcert.h; sourceTree = "<group>"; };
		C4B787E91CDB79C300A88E79 /* SPTConcert.m */ = {isa = PBXFileReference; fileEncoding = 4; lastKnownFileType = sourcecode.c.objc; path = SPTConcert.m; sourceTree = "<group>"; };
		C4B787EB1CDB79CF00A88E79 /* SPTAlbum.h */ = {isa = PBXFileReference; fileEncoding = 4; lastKnownFileType = sourcecode.c.h; path = SPTAlbum.h; sourceTree = "<group>"; };
		C4B787EC1CDB79CF00A88E79 /* SPTAlbum.m */ = {isa = PBXFileReference; fileEncoding = 4; lastKnownFileType = sourcecode.c.objc; path = SPTAlbum.m; sourceTree = "<group>"; };
		C4B787EE1CDB79F400A88E79 /* SPTMusicVideo.h */ = {isa = PBXFileReference; fileEncoding = 4; lastKnownFileType = sourcecode.c.h; path = SPTMusicVideo.h; sourceTree = "<group>"; };
		C4B787EF1CDB79F400A88E79 /* SPTMusicVideo.m */ = {isa = PBXFileReference; fileEncoding = 4; lastKnownFileType = sourcecode.c.objc; path = SPTMusicVideo.m; sourceTree = "<group>"; };
		C4B787F11CDB81CC00A88E79 /* SPTDataProvider.h */ = {isa = PBXFileReference; fileEncoding = 4; lastKnownFileType = sourcecode.c.h; path = SPTDataProvider.h; sourceTree = "<group>"; };
		C4B787F21CDB81CC00A88E79 /* SPTDataProvider.m */ = {isa = PBXFileReference; fileEncoding = 4; lastKnownFileType = sourcecode.c.objc; path = SPTDataProvider.m; sourceTree = "<group>"; };
/* End PBXFileReference section */

/* Begin PBXFrameworksBuildPhase section */
		C4B787C71CDB785F00A88E79 /* Frameworks */ = {
			isa = PBXFrameworksBuildPhase;
			buildActionMask = 2147483647;
			files = (
			);
			runOnlyForDeploymentPostprocessing = 0;
		};
/* End PBXFrameworksBuildPhase section */

/* Begin PBXGroup section */
		C4B787C11CDB785F00A88E79 = {
			isa = PBXGroup;
			children = (
				C4B787CC1CDB785F00A88E79 /* ProtocolsLab1 */,
				C4B787CB1CDB785F00A88E79 /* Products */,
			);
			sourceTree = "<group>";
		};
		C4B787CB1CDB785F00A88E79 /* Products */ = {
			isa = PBXGroup;
			children = (
				C4B787CA1CDB785F00A88E79 /* ProtocolsLab1.app */,
			);
			name = Products;
			sourceTree = "<group>";
		};
		C4B787CC1CDB785F00A88E79 /* ProtocolsLab1 */ = {
			isa = PBXGroup;
			children = (
				C4B787E41CDB79A000A88E79 /* Models */,
				C4B787D01CDB785F00A88E79 /* AppDelegate.h */,
				C4B787D11CDB785F00A88E79 /* AppDelegate.m */,
				C4B787F11CDB81CC00A88E79 /* SPTDataProvider.h */,
				C4B787F21CDB81CC00A88E79 /* SPTDataProvider.m */,
				C4B787D31CDB785F00A88E79 /* ViewController.h */,
				C4B787D41CDB785F00A88E79 /* ViewController.m */,
				C4B787D61CDB785F00A88E79 /* Main.storyboard */,
				C4B787D91CDB785F00A88E79 /* Assets.xcassets */,
				C4B787DB1CDB785F00A88E79 /* LaunchScreen.storyboard */,
				C4B787DE1CDB785F00A88E79 /* Info.plist */,
				C4B787CD1CDB785F00A88E79 /* Supporting Files */,
				C49C8FA21CDBA3D4002F7B88 /* README.md */,
			);
			path = ProtocolsLab1;
			sourceTree = "<group>";
		};
		C4B787CD1CDB785F00A88E79 /* Supporting Files */ = {
			isa = PBXGroup;
			children = (
				C4B787CE1CDB785F00A88E79 /* main.m */,
			);
			name = "Supporting Files";
			sourceTree = "<group>";
		};
		C4B787E41CDB79A000A88E79 /* Models */ = {
			isa = PBXGroup;
			children = (
				C4B787E51CDB79B400A88E79 /* SPTArtist.h */,
				C4B787E61CDB79B400A88E79 /* SPTArtist.m */,
				C4B787E81CDB79C300A88E79 /* SPTConcert.h */,
				C4B787E91CDB79C300A88E79 /* SPTConcert.m */,
				C4B787EB1CDB79CF00A88E79 /* SPTAlbum.h */,
				C4B787EC1CDB79CF00A88E79 /* SPTAlbum.m */,
				C4B787EE1CDB79F400A88E79 /* SPTMusicVideo.h */,
				C4B787EF1CDB79F400A88E79 /* SPTMusicVideo.m */,
			);
			name = Models;
			sourceTree = "<group>";
		};
/* End PBXGroup section */

/* Begin PBXNativeTarget section */
		C4B787C91CDB785F00A88E79 /* ProtocolsLab1 */ = {
			isa = PBXNativeTarget;
			buildConfigurationList = C4B787E11CDB785F00A88E79 /* Build configuration list for PBXNativeTarget "ProtocolsLab1" */;
			buildPhases = (
				C4B787C61CDB785F00A88E79 /* Sources */,
				C4B787C71CDB785F00A88E79 /* Frameworks */,
				C4B787C81CDB785F00A88E79 /* Resources */,
			);
			buildRules = (
			);
			dependencies = (
			);
			name = ProtocolsLab1;
			productName = ProtocolsLab1;
			productReference = C4B787CA1CDB785F00A88E79 /* ProtocolsLab1.app */;
			productType = "com.apple.product-type.application";
		};
/* End PBXNativeTarget section */

/* Begin PBXProject section */
		C4B787C21CDB785F00A88E79 /* Project object */ = {
			isa = PBXProject;
			attributes = {
				LastUpgradeCheck = 0730;
				ORGANIZATIONNAME = iOSCowboy;
				TargetAttributes = {
					C4B787C91CDB785F00A88E79 = {
						CreatedOnToolsVersion = 7.3;
					};
				};
			};
			buildConfigurationList = C4B787C51CDB785F00A88E79 /* Build configuration list for PBXProject "ProtocolsLab1" */;
			compatibilityVersion = "Xcode 3.2";
			developmentRegion = English;
			hasScannedForEncodings = 0;
			knownRegions = (
				en,
				Base,
			);
			mainGroup = C4B787C11CDB785F00A88E79;
			productRefGroup = C4B787CB1CDB785F00A88E79 /* Products */;
			projectDirPath = "";
			projectRoot = "";
			targets = (
				C4B787C91CDB785F00A88E79 /* ProtocolsLab1 */,
			);
		};
/* End PBXProject section */

/* Begin PBXResourcesBuildPhase section */
		C4B787C81CDB785F00A88E79 /* Resources */ = {
			isa = PBXResourcesBuildPhase;
			buildActionMask = 2147483647;
			files = (
				C4B787DD1CDB785F00A88E79 /* LaunchScreen.storyboard in Resources */,
				C4B787DA1CDB785F00A88E79 /* Assets.xcassets in Resources */,
				C4B787D81CDB785F00A88E79 /* Main.storyboard in Resources */,
			);
			runOnlyForDeploymentPostprocessing = 0;
		};
/* End PBXResourcesBuildPhase section */

/* Begin PBXSourcesBuildPhase section */
		C4B787C61CDB785F00A88E79 /* Sources */ = {
			isa = PBXSourcesBuildPhase;
			buildActionMask = 2147483647;
			files = (
				C4B787F31CDB81CC00A88E79 /* SPTDataProvider.m in Sources */,
				C4B787E71CDB79B400A88E79 /* SPTArtist.m in Sources */,
				C4B787D51CDB785F00A88E79 /* ViewController.m in Sources */,
				C4B787D21CDB785F00A88E79 /* AppDelegate.m in Sources */,
				C4B787EA1CDB79C300A88E79 /* SPTConcert.m in Sources */,
				C4B787CF1CDB785F00A88E79 /* main.m in Sources */,
				C4B787ED1CDB79CF00A88E79 /* SPTAlbum.m in Sources */,
				C4B787F01CDB79F400A88E79 /* SPTMusicVideo.m in Sources */,
			);
			runOnlyForDeploymentPostprocessing = 0;
		};
/* End PBXSourcesBuildPhase section */

/* Begin PBXVariantGroup section */
		C4B787D61CDB785F00A88E79 /* Main.storyboard */ = {
			isa = PBXVariantGroup;
			children = (
				C4B787D71CDB785F00A88E79 /* Base */,
			);
			name = Main.storyboard;
			sourceTree = "<group>";
		};
		C4B787DB1CDB785F00A88E79 /* LaunchScreen.storyboard */ = {
			isa = PBXVariantGroup;
			children = (
				C4B787DC1CDB785F00A88E79 /* Base */,
			);
			name = LaunchScreen.storyboard;
			sourceTree = "<group>";
		};
/* End PBXVariantGroup section */

/* Begin XCBuildConfiguration section */
		C4B787DF1CDB785F00A88E79 /* Debug */ = {
			isa = XCBuildConfiguration;
			buildSettings = {
				ALWAYS_SEARCH_USER_PATHS = NO;
				CLANG_ANALYZER_NONNULL = YES;
				CLANG_CXX_LANGUAGE_STANDARD = "gnu++0x";
				CLANG_CXX_LIBRARY = "libc++";
				CLANG_ENABLE_MODULES = YES;
				CLANG_ENABLE_OBJC_ARC = YES;
				CLANG_WARN_BOOL_CONVERSION = YES;
				CLANG_WARN_CONSTANT_CONVERSION = YES;
				CLANG_WARN_DIRECT_OBJC_ISA_USAGE = YES_ERROR;
				CLANG_WARN_EMPTY_BODY = YES;
				CLANG_WARN_ENUM_CONVERSION = YES;
				CLANG_WARN_INT_CONVERSION = YES;
				CLANG_WARN_OBJC_ROOT_CLASS = YES_ERROR;
				CLANG_WARN_UNREACHABLE_CODE = YES;
				CLANG_WARN__DUPLICATE_METHOD_MATCH = YES;
				"CODE_SIGN_IDENTITY[sdk=iphoneos*]" = "iPhone Developer";
				COPY_PHASE_STRIP = NO;
				DEBUG_INFORMATION_FORMAT = dwarf;
				ENABLE_STRICT_OBJC_MSGSEND = YES;
				ENABLE_TESTABILITY = YES;
				GCC_C_LANGUAGE_STANDARD = gnu99;
				GCC_DYNAMIC_NO_PIC = NO;
				GCC_NO_COMMON_BLOCKS = YES;
				GCC_OPTIMIZATION_LEVEL = 0;
				GCC_PREPROCESSOR_DEFINITIONS = (
					"DEBUG=1",
					"$(inherited)",
				);
				GCC_WARN_64_TO_32_BIT_CONVERSION = YES;
				GCC_WARN_ABOUT_RETURN_TYPE = YES_ERROR;
				GCC_WARN_UNDECLARED_SELECTOR = YES;
				GCC_WARN_UNINITIALIZED_AUTOS = YES_AGGRESSIVE;
				GCC_WARN_UNUSED_FUNCTION = YES;
				GCC_WARN_UNUSED_VARIABLE = YES;
				IPHONEOS_DEPLOYMENT_TARGET = 9.3;
				MTL_ENABLE_DEBUG_INFO = YES;
				ONLY_ACTIVE_ARCH = YES;
				SDKROOT = iphoneos;
				TARGETED_DEVICE_FAMILY = "1,2";
			};
			name = Debug;
		};
		C4B787E01CDB785F00A88E79 /* Release */ = {
			isa = XCBuildConfiguration;
			buildSettings = {
				ALWAYS_SEARCH_USER_PATHS = NO;
				CLANG_ANALYZER_NONNULL = YES;
				CLANG_CXX_LANGUAGE_STANDARD = "gnu++0x";
				CLANG_CXX_LIBRARY = "libc++";
				CLANG_ENABLE_MODULES = YES;
				CLANG_ENABLE_OBJC_ARC = YES;
				CLANG_WARN_BOOL_CONVERSION = YES;
				CLANG_WARN_CONSTANT_CONVERSION = YES;
				CLANG_WARN_DIRECT_OBJC_ISA_USAGE = YES_ERROR;
				CLANG_WARN_EMPTY_BODY = YES;
				CLANG_WARN_ENUM_CONVERSION = YES;
				CLANG_WARN_INT_CONVERSION = YES;
				CLANG_WARN_OBJC_ROOT_CLASS = YES_ERROR;
				CLANG_WARN_UNREACHABLE_CODE = YES;
				CLANG_WARN__DUPLICATE_METHOD_MATCH = YES;
				"CODE_SIGN_IDENTITY[sdk=iphoneos*]" = "iPhone Developer";
				COPY_PHASE_STRIP = NO;
				DEBUG_INFORMATION_FORMAT = "dwarf-with-dsym";
				ENABLE_NS_ASSERTIONS = NO;
				ENABLE_STRICT_OBJC_MSGSEND = YES;
				GCC_C_LANGUAGE_STANDARD = gnu99;
				GCC_NO_COMMON_BLOCKS = YES;
				GCC_WARN_64_TO_32_BIT_CONVERSION = YES;
				GCC_WARN_ABOUT_RETURN_TYPE = YES_ERROR;
				GCC_WARN_UNDECLARED_SELECTOR = YES;
				GCC_WARN_UNINITIALIZED_AUTOS = YES_AGGRESSIVE;
				GCC_WARN_UNUSED_FUNCTION = YES;
				GCC_WARN_UNUSED_VARIABLE = YES;
				IPHONEOS_DEPLOYMENT_TARGET = 9.3;
				MTL_ENABLE_DEBUG_INFO = NO;
				SDKROOT = iphoneos;
				TARGETED_DEVICE_FAMILY = "1,2";
				VALIDATE_PRODUCT = YES;
			};
			name = Release;
		};
		C4B787E21CDB785F00A88E79 /* Debug */ = {
			isa = XCBuildConfiguration;
			buildSettings = {
				ASSETCATALOG_COMPILER_APPICON_NAME = AppIcon;
				INFOPLIST_FILE = ProtocolsLab1/Info.plist;
				LD_RUNPATH_SEARCH_PATHS = "$(inherited) @executable_path/Frameworks";
				PRODUCT_BUNDLE_IDENTIFIER = com.ioscowboy.Metroplex.ProtocolsLab1;
				PRODUCT_NAME = "$(TARGET_NAME)";
			};
			name = Debug;
		};
		C4B787E31CDB785F00A88E79 /* Release */ = {
			isa = XCBuildConfiguration;
			buildSettings = {
				ASSETCATALOG_COMPILER_APPICON_NAME = AppIcon;
				INFOPLIST_FILE = ProtocolsLab1/Info.plist;
				LD_RUNPATH_SEARCH_PATHS = "$(inherited) @executable_path/Frameworks";
				PRODUCT_BUNDLE_IDENTIFIER = com.ioscowboy.Metroplex.ProtocolsLab1;
				PRODUCT_NAME = "$(TARGET_NAME)";
			};
			name = Release;
		};
/* End XCBuildConfiguration section */

/* Begin XCConfigurationList section */
		C4B787C51CDB785F00A88E79 /* Build configuration list for PBXProject "ProtocolsLab1" */ = {
			isa = XCConfigurationList;
			buildConfigurations = (
				C4B787DF1CDB785F00A88E79 /* Debug */,
				C4B787E01CDB785F00A88E79 /* Release */,
			);
			defaultConfigurationIsVisible = 0;
			defaultConfigurationName = Release;
		};
		C4B787E11CDB785F00A88E79 /* Build configuration list for PBXNativeTarget "ProtocolsLab1" */ = {
			isa = XCConfigurationList;
			buildConfigurations = (
				C4B787E21CDB785F00A88E79 /* Debug */,
				C4B787E31CDB785F00A88E79 /* Release */,
			);
			defaultConfigurationIsVisible = 0;
			defaultConfigurationName = Release;
		};
/* End XCConfigurationList section */
	};
	rootObject = C4B787C21CDB785F00A88E79 /* Project object */;
}
